
Microsoft Visual Studio Solution File, Format Version 12.00
# Visual Studio Version 17
VisualStudioVersion = 17.6.33829.357
MinimumVisualStudioVersion = 10.0.40219.1
Project("{FAE04EC0-301F-11D3-BF4B-00C04F79EFBC}") = "Questions", "CodingQuestions\Questions.csproj", "{7C0DFCEA-C26C-4576-A217-44314E680084}"
EndProject
Project("{FAE04EC0-301F-11D3-BF4B-00C04F79EFBC}") = "UnitTesting", "UnitTesting\UnitTesting.csproj", "{19E70E01-353E-481E-8791-A9F033A6888C}"
EndProject
Global
	GlobalSection(SolutionConfigurationPlatforms) = preSolution
		Debug|Any CPU = Debug|Any CPU
		Release|Any CPU = Release|Any CPU
	EndGlobalSection
	GlobalSection(ProjectConfigurationPlatforms) = postSolution
		{7C0DFCEA-C26C-4576-A217-44314E680084}.Debug|Any CPU.ActiveCfg = Debug|Any CPU
		{7C0DFCEA-C26C-4576-A217-44314E680084}.Debug|Any CPU.Build.0 = Debug|Any CPU
		{7C0DFCEA-C26C-4576-A217-44314E680084}.Release|Any CPU.ActiveCfg = Release|Any CPU
		{7C0DFCEA-C26C-4576-A217-44314E680084}.Release|Any CPU.Build.0 = Release|Any CPU
		{19E70E01-353E-481E-8791-A9F033A6888C}.Debug|Any CPU.ActiveCfg = Debug|Any CPU
		{19E70E01-353E-481E-8791-A9F033A6888C}.Debug|Any CPU.Build.0 = Debug|Any CPU
		{19E70E01-353E-481E-8791-A9F033A6888C}.Release|Any CPU.ActiveCfg = Release|Any CPU
		{19E70E01-353E-481E-8791-A9F033A6888C}.Release|Any CPU.Build.0 = Release|Any CPU
	EndGlobalSection
	GlobalSection(SolutionProperties) = preSolution
		HideSolutionNode = FALSE
	EndGlobalSection
	GlobalSection(ExtensibilityGlobals) = postSolution
		SolutionGuid = {BB716C14-A554-4FDE-A5D6-640B2B6E54C4}
	EndGlobalSection
EndGlobal
